
Microsoft Visual Studio Solution File, Format Version 12.00
# Visual Studio Version 16
VisualStudioVersion = 16.0.30717.126
MinimumVisualStudioVersion = 10.0.40219.1
Project("{FAE04EC0-301F-11D3-BF4B-00C04F79EFBC}") = "ctrl-ssh", "ctrl-ssh\ctrl-ssh.csproj", "{96A36FA2-E56D-4A94-B9E6-F6A7D92C8DE4}"
EndProject
Global
	GlobalSection(SolutionConfigurationPlatforms) = preSolution
		Debug|Any CPU = Debug|Any CPU
		Release|Any CPU = Release|Any CPU
	EndGlobalSection
	GlobalSection(ProjectConfigurationPlatforms) = postSolution
		{96A36FA2-E56D-4A94-B9E6-F6A7D92C8DE4}.Debug|Any CPU.ActiveCfg = Debug|Any CPU
		{96A36FA2-E56D-4A94-B9E6-F6A7D92C8DE4}.Debug|Any CPU.Build.0 = Debug|Any CPU
		{96A36FA2-E56D-4A94-B9E6-F6A7D92C8DE4}.Release|Any CPU.ActiveCfg = Release|Any CPU
		{96A36FA2-E56D-4A94-B9E6-F6A7D92C8DE4}.Release|Any CPU.Build.0 = Release|Any CPU
	EndGlobalSection
	GlobalSection(SolutionProperties) = preSolution
		HideSolutionNode = FALSE
	EndGlobalSection
	GlobalSection(ExtensibilityGlobals) = postSolution
		SolutionGuid = {303ED9BD-31A8-402F-B079-EBFCA8B516BD}
	EndGlobalSection
	GlobalSection(MonoDevelopProperties) = preSolution
		Policies = $0
		$0.DotNetNamingPolicy = $1
		$1.DirectoryNamespaceAssociation = PrefixedHierarchical
		version = 0.0.1
	EndGlobalSection
EndGlobal
